
Microsoft Visual Studio Solution File, Format Version 12.00
# Visual Studio Version 16
VisualStudioVersion = 16.0.28307.4001
MinimumVisualStudioVersion = 10.0.40219.1
Project("{9A19103F-16F7-4668-BE54-9A1E7A4F7556}") = "DirSizeCore", "DirSizeCore\DirSizeCore.csproj", "{2C25DF21-3149-448C-A59C-1159F420062E}"
EndProject
Project("{FAE04EC0-301F-11D3-BF4B-00C04F79EFBC}") = "DirSize.Designer", "DirSize.Designer\DirSize.Designer.csproj", "{4E17E928-0FEE-4768-B1A5-CB8FEBB04641}"
EndProject
Global
	GlobalSection(SolutionConfigurationPlatforms) = preSolution
		Debug|Any CPU = Debug|Any CPU
		Release|Any CPU = Release|Any CPU
	EndGlobalSection
	GlobalSection(ProjectConfigurationPlatforms) = postSolution
		{2C25DF21-3149-448C-A59C-1159F420062E}.Debug|Any CPU.ActiveCfg = Debug|Any CPU
		{2C25DF21-3149-448C-A59C-1159F420062E}.Debug|Any CPU.Build.0 = Debug|Any CPU
		{2C25DF21-3149-448C-A59C-1159F420062E}.Release|Any CPU.ActiveCfg = Release|Any CPU
		{2C25DF21-3149-448C-A59C-1159F420062E}.Release|Any CPU.Build.0 = Release|Any CPU
		{4E17E928-0FEE-4768-B1A5-CB8FEBB04641}.Debug|Any CPU.ActiveCfg = Debug|Any CPU
		{4E17E928-0FEE-4768-B1A5-CB8FEBB04641}.Debug|Any CPU.Build.0 = Debug|Any CPU
		{4E17E928-0FEE-4768-B1A5-CB8FEBB04641}.Release|Any CPU.ActiveCfg = Release|Any CPU
		{4E17E928-0FEE-4768-B1A5-CB8FEBB04641}.Release|Any CPU.Build.0 = Release|Any CPU
	EndGlobalSection
	GlobalSection(SolutionProperties) = preSolution
		HideSolutionNode = FALSE
	EndGlobalSection
	GlobalSection(ExtensibilityGlobals) = postSolution
		SolutionGuid = {6F14D45B-03FD-4131-9BAF-43B413F37A69}
	EndGlobalSection
EndGlobal
